// !$*UTF8*$!
{
	archiveVersion = 1;
	classes = {
	};
	objectVersion = 50;
	objects = {

/* Begin PBXBuildFile section */
		3721A920266F2CF20013630C /* UDPSender.swift in Sources */ = {isa = PBXBuildFile; fileRef = 3721A91F266F2CF20013630C /* UDPSender.swift */; };
		3721A92C266F4E890013630C /* NetworkSettingsViewController.swift in Sources */ = {isa = PBXBuildFile; fileRef = 3721A92B266F4E890013630C /* NetworkSettingsViewController.swift */; };
		375E33412677EBB40064CA2A /* ReminderViewController.swift in Sources */ = {isa = PBXBuildFile; fileRef = 375E33402677EBB40064CA2A /* ReminderViewController.swift */; };
		3771617E2673237800BB28D9 /* EntryViewController.swift in Sources */ = {isa = PBXBuildFile; fileRef = 3771617D2673237800BB28D9 /* EntryViewController.swift */; };
		37AFD9AE266F0BE1005316E5 /* AppDelegate.swift in Sources */ = {isa = PBXBuildFile; fileRef = 37AFD9AD266F0BE1005316E5 /* AppDelegate.swift */; };
		37AFD9B0266F0BE1005316E5 /* SceneDelegate.swift in Sources */ = {isa = PBXBuildFile; fileRef = 37AFD9AF266F0BE1005316E5 /* SceneDelegate.swift */; };
		37AFD9B5266F0BE1005316E5 /* Main.storyboard in Resources */ = {isa = PBXBuildFile; fileRef = 37AFD9B3266F0BE1005316E5 /* Main.storyboard */; };
		37AFD9B7266F0BE2005316E5 /* Assets.xcassets in Resources */ = {isa = PBXBuildFile; fileRef = 37AFD9B6266F0BE2005316E5 /* Assets.xcassets */; };
		37AFD9BA266F0BE2005316E5 /* LaunchScreen.storyboard in Resources */ = {isa = PBXBuildFile; fileRef = 37AFD9B8266F0BE2005316E5 /* LaunchScreen.storyboard */; };
		37AFD9C3266F1002005316E5 /* EntriesTableViewController.swift in Sources */ = {isa = PBXBuildFile; fileRef = 37AFD9C2266F1002005316E5 /* EntriesTableViewController.swift */; };
		37AFD9CA266F136C005316E5 /* JournalIdeaModel.swift in Sources */ = {isa = PBXBuildFile; fileRef = 37AFD9C9266F136C005316E5 /* JournalIdeaModel.swift */; };
		37AFD9CD266F1414005316E5 /* Entry.swift in Sources */ = {isa = PBXBuildFile; fileRef = 37AFD9CC266F1414005316E5 /* Entry.swift */; };
/* End PBXBuildFile section */

/* Begin PBXFileReference section */
		3721A91F266F2CF20013630C /* UDPSender.swift */ = {isa = PBXFileReference; lastKnownFileType = sourcecode.swift; path = UDPSender.swift; sourceTree = "<group>"; };
		3721A92B266F4E890013630C /* NetworkSettingsViewController.swift */ = {isa = PBXFileReference; lastKnownFileType = sourcecode.swift; path = NetworkSettingsViewController.swift; sourceTree = "<group>"; };
		375E33402677EBB40064CA2A /* ReminderViewController.swift */ = {isa = PBXFileReference; lastKnownFileType = sourcecode.swift; path = ReminderViewController.swift; sourceTree = "<group>"; };
		3771617D2673237800BB28D9 /* EntryViewController.swift */ = {isa = PBXFileReference; lastKnownFileType = sourcecode.swift; path = EntryViewController.swift; sourceTree = "<group>"; };
		37AFD9AA266F0BE1005316E5 /* JournalIdea.app */ = {isa = PBXFileReference; explicitFileType = wrapper.application; includeInIndex = 0; path = JournalIdea.app; sourceTree = BUILT_PRODUCTS_DIR; };
		37AFD9AD266F0BE1005316E5 /* AppDelegate.swift */ = {isa = PBXFileReference; lastKnownFileType = sourcecode.swift; path = AppDelegate.swift; sourceTree = "<group>"; };
		37AFD9AF266F0BE1005316E5 /* SceneDelegate.swift */ = {isa = PBXFileReference; lastKnownFileType = sourcecode.swift; path = SceneDelegate.swift; sourceTree = "<group>"; };
		37AFD9B4266F0BE1005316E5 /* Base */ = {isa = PBXFileReference; lastKnownFileType = file.storyboard; name = Base; path = Base.lproj/Main.storyboard; sourceTree = "<group>"; };
		37AFD9B6266F0BE2005316E5 /* Assets.xcassets */ = {isa = PBXFileReference; lastKnownFileType = folder.assetcatalog; path = Assets.xcassets; sourceTree = "<group>"; };
		37AFD9B9266F0BE2005316E5 /* Base */ = {isa = PBXFileReference; lastKnownFileType = file.storyboard; name = Base; path = Base.lproj/LaunchScreen.storyboard; sourceTree = "<group>"; };
		37AFD9BB266F0BE2005316E5 /* Info.plist */ = {isa = PBXFileReference; lastKnownFileType = text.plist.xml; path = Info.plist; sourceTree = "<group>"; };
		37AFD9C2266F1002005316E5 /* EntriesTableViewController.swift */ = {isa = PBXFileReference; lastKnownFileType = sourcecode.swift; path = EntriesTableViewController.swift; sourceTree = "<group>"; };
		37AFD9C9266F136C005316E5 /* JournalIdeaModel.swift */ = {isa = PBXFileReference; lastKnownFileType = sourcecode.swift; path = JournalIdeaModel.swift; sourceTree = "<group>"; };
		37AFD9CC266F1414005316E5 /* Entry.swift */ = {isa = PBXFileReference; lastKnownFileType = sourcecode.swift; path = Entry.swift; sourceTree = "<group>"; };
/* End PBXFileReference section */

/* Begin PBXFrameworksBuildPhase section */
		37AFD9A7266F0BE1005316E5 /* Frameworks */ = {
			isa = PBXFrameworksBuildPhase;
			buildActionMask = 2147483647;
			files = (
			);
			runOnlyForDeploymentPostprocessing = 0;
		};
/* End PBXFrameworksBuildPhase section */

/* Begin PBXGroup section */
		37AFD9A1266F0BE1005316E5 = {
			isa = PBXGroup;
			children = (
				37AFD9AC266F0BE1005316E5 /* JournalIdea */,
				37AFD9AB266F0BE1005316E5 /* Products */,
			);
			sourceTree = "<group>";
		};
		37AFD9AB266F0BE1005316E5 /* Products */ = {
			isa = PBXGroup;
			children = (
				37AFD9AA266F0BE1005316E5 /* JournalIdea.app */,
			);
			name = Products;
			sourceTree = "<group>";
		};
		37AFD9AC266F0BE1005316E5 /* JournalIdea */ = {
			isa = PBXGroup;
			children = (
				37AFD9AD266F0BE1005316E5 /* AppDelegate.swift */,
				37AFD9AF266F0BE1005316E5 /* SceneDelegate.swift */,
				3721A91F266F2CF20013630C /* UDPSender.swift */,
				37AFD9B3266F0BE1005316E5 /* Main.storyboard */,
				375E33402677EBB40064CA2A /* ReminderViewController.swift */,
				3721A92B266F4E890013630C /* NetworkSettingsViewController.swift */,
				37AFD9C2266F1002005316E5 /* EntriesTableViewController.swift */,
				37AFD9B6266F0BE2005316E5 /* Assets.xcassets */,
				37AFD9B8266F0BE2005316E5 /* LaunchScreen.storyboard */,
				37AFD9BB266F0BE2005316E5 /* Info.plist */,
				37AFD9C9266F136C005316E5 /* JournalIdeaModel.swift */,
				37AFD9CC266F1414005316E5 /* Entry.swift */,
				3771617D2673237800BB28D9 /* EntryViewController.swift */,
			);
			path = JournalIdea;
			sourceTree = "<group>";
		};
/* End PBXGroup section */

/* Begin PBXNativeTarget section */
		37AFD9A9266F0BE1005316E5 /* JournalIdea */ = {
			isa = PBXNativeTarget;
			buildConfigurationList = 37AFD9BE266F0BE2005316E5 /* Build configuration list for PBXNativeTarget "JournalIdea" */;
			buildPhases = (
				37AFD9A6266F0BE1005316E5 /* Sources */,
				37AFD9A7266F0BE1005316E5 /* Frameworks */,
				37AFD9A8266F0BE1005316E5 /* Resources */,
			);
			buildRules = (
			);
			dependencies = (
			);
			name = JournalIdea;
			productName = MessageIdea;
			productReference = 37AFD9AA266F0BE1005316E5 /* JournalIdea.app */;
			productType = "com.apple.product-type.application";
		};
/* End PBXNativeTarget section */

/* Begin PBXProject section */
		37AFD9A2266F0BE1005316E5 /* Project object */ = {
			isa = PBXProject;
			attributes = {
				LastSwiftUpdateCheck = 1240;
				LastUpgradeCheck = 1240;
				TargetAttributes = {
					37AFD9A9266F0BE1005316E5 = {
						CreatedOnToolsVersion = 12.4;
					};
				};
			};
			buildConfigurationList = 37AFD9A5266F0BE1005316E5 /* Build configuration list for PBXProject "JournalIdea" */;
			compatibilityVersion = "Xcode 9.3";
			developmentRegion = en;
			hasScannedForEncodings = 0;
			knownRegions = (
				en,
				Base,
			);
			mainGroup = 37AFD9A1266F0BE1005316E5;
			productRefGroup = 37AFD9AB266F0BE1005316E5 /* Products */;
			projectDirPath = "";
			projectRoot = "";
			targets = (
				37AFD9A9266F0BE1005316E5 /* JournalIdea */,
			);
		};
/* End PBXProject section */

/* Begin PBXResourcesBuildPhase section */
		37AFD9A8266F0BE1005316E5 /* Resources */ = {
			isa = PBXResourcesBuildPhase;
			buildActionMask = 2147483647;
			files = (
				37AFD9BA266F0BE2005316E5 /* LaunchScreen.storyboard in Resources */,
				37AFD9B7266F0BE2005316E5 /* Assets.xcassets in Resources */,
				37AFD9B5266F0BE1005316E5 /* Main.storyboard in Resources */,
			);
			runOnlyForDeploymentPostprocessing = 0;
		};
/* End PBXResourcesBuildPhase section */

/* Begin PBXSourcesBuildPhase section */
		37AFD9A6266F0BE1005316E5 /* Sources */ = {
			isa = PBXSourcesBuildPhase;
			buildActionMask = 2147483647;
			files = (
				3721A92C266F4E890013630C /* NetworkSettingsViewController.swift in Sources */,
				37AFD9C3266F1002005316E5 /* EntriesTableViewController.swift in Sources */,
				37AFD9CD266F1414005316E5 /* Entry.swift in Sources */,
				37AFD9AE266F0BE1005316E5 /* AppDelegate.swift in Sources */,
				3771617E2673237800BB28D9 /* EntryViewController.swift in Sources */,
				375E33412677EBB40064CA2A /* ReminderViewController.swift in Sources */,
				37AFD9B0266F0BE1005316E5 /* SceneDelegate.swift in Sources */,
				37AFD9CA266F136C005316E5 /* JournalIdeaModel.swift in Sources */,
				3721A920266F2CF20013630C /* UDPSender.swift in Sources */,
			);
			runOnlyForDeploymentPostprocessing = 0;
		};
/* End PBXSourcesBuildPhase section */

/* Begin PBXVariantGroup section */
		37AFD9B3266F0BE1005316E5 /* Main.storyboard */ = {
			isa = PBXVariantGroup;
			children = (
				37AFD9B4266F0BE1005316E5 /* Base */,
			);
			name = Main.storyboard;
			sourceTree = "<group>";
		};
		37AFD9B8266F0BE2005316E5 /* LaunchScreen.storyboard */ = {
			isa = PBXVariantGroup;
			children = (
				37AFD9B9266F0BE2005316E5 /* Base */,
			);
			name = LaunchScreen.storyboard;
			sourceTree = "<group>";
		};
/* End PBXVariantGroup section */

/* Begin XCBuildConfiguration section */
		37AFD9BC266F0BE2005316E5 /* Debug */ = {
			isa = XCBuildConfiguration;
			buildSettings = {
				ALWAYS_SEARCH_USER_PATHS = NO;
				CLANG_ANALYZER_NONNULL = YES;
				CLANG_ANALYZER_NUMBER_OBJECT_CONVERSION = YES_AGGRESSIVE;
				CLANG_CXX_LANGUAGE_STANDARD = "gnu++14";
				CLANG_CXX_LIBRARY = "libc++";
				CLANG_ENABLE_MODULES = YES;
				CLANG_ENABLE_OBJC_ARC = YES;
				CLANG_ENABLE_OBJC_WEAK = YES;
				CLANG_WARN_BLOCK_CAPTURE_AUTORELEASING = YES;
				CLANG_WARN_BOOL_CONVERSION = YES;
				CLANG_WARN_COMMA = YES;
				CLANG_WARN_CONSTANT_CONVERSION = YES;
				CLANG_WARN_DEPRECATED_OBJC_IMPLEMENTATIONS = YES;
				CLANG_WARN_DIRECT_OBJC_ISA_USAGE = YES_ERROR;
				CLANG_WARN_DOCUMENTATION_COMMENTS = YES;
				CLANG_WARN_EMPTY_BODY = YES;
				CLANG_WARN_ENUM_CONVERSION = YES;
				CLANG_WARN_INFINITE_RECURSION = YES;
				CLANG_WARN_INT_CONVERSION = YES;
				CLANG_WARN_NON_LITERAL_NULL_CONVERSION = YES;
				CLANG_WARN_OBJC_IMPLICIT_RETAIN_SELF = YES;
				CLANG_WARN_OBJC_LITERAL_CONVERSION = YES;
				CLANG_WARN_OBJC_ROOT_CLASS = YES_ERROR;
				CLANG_WARN_QUOTED_INCLUDE_IN_FRAMEWORK_HEADER = YES;
				CLANG_WARN_RANGE_LOOP_ANALYSIS = YES;
				CLANG_WARN_STRICT_PROTOTYPES = YES;
				CLANG_WARN_SUSPICIOUS_MOVE = YES;
				CLANG_WARN_UNGUARDED_AVAILABILITY = YES_AGGRESSIVE;
				CLANG_WARN_UNREACHABLE_CODE = YES;
				CLANG_WARN__DUPLICATE_METHOD_MATCH = YES;
				COPY_PHASE_STRIP = NO;
				DEBUG_INFORMATION_FORMAT = dwarf;
				ENABLE_STRICT_OBJC_MSGSEND = YES;
				ENABLE_TESTABILITY = YES;
				GCC_C_LANGUAGE_STANDARD = gnu11;
				GCC_DYNAMIC_NO_PIC = NO;
				GCC_NO_COMMON_BLOCKS = YES;
				GCC_OPTIMIZATION_LEVEL = 0;
				GCC_PREPROCESSOR_DEFINITIONS = (
					"DEBUG=1",
					"$(inherited)",
				);
				GCC_WARN_64_TO_32_BIT_CONVERSION = YES;
				GCC_WARN_ABOUT_RETURN_TYPE = YES_ERROR;
				GCC_WARN_UNDECLARED_SELECTOR = YES;
				GCC_WARN_UNINITIALIZED_AUTOS = YES_AGGRESSIVE;
				GCC_WARN_UNUSED_FUNCTION = YES;
				GCC_WARN_UNUSED_VARIABLE = YES;
				IPHONEOS_DEPLOYMENT_TARGET = 14.0;
				MTL_ENABLE_DEBUG_INFO = INCLUDE_SOURCE;
				MTL_FAST_MATH = YES;
				ONLY_ACTIVE_ARCH = YES;
				SDKROOT = iphoneos;
				SWIFT_ACTIVE_COMPILATION_CONDITIONS = DEBUG;
				SWIFT_OPTIMIZATION_LEVEL = "-Onone";
			};
			name = Debug;
		};
		37AFD9BD266F0BE2005316E5 /* Release */ = {
			isa = XCBuildConfiguration;
			buildSettings = {
				ALWAYS_SEARCH_USER_PATHS = NO;
				CLANG_ANALYZER_NONNULL = YES;
				CLANG_ANALYZER_NUMBER_OBJECT_CONVERSION = YES_AGGRESSIVE;
				CLANG_CXX_LANGUAGE_STANDARD = "gnu++14";
				CLANG_CXX_LIBRARY = "libc++";
				CLANG_ENABLE_MODULES = YES;
				CLANG_ENABLE_OBJC_ARC = YES;
				CLANG_ENABLE_OBJC_WEAK = YES;
				CLANG_WARN_BLOCK_CAPTURE_AUTORELEASING = YES;
				CLANG_WARN_BOOL_CONVERSION = YES;
				CLANG_WARN_COMMA = YES;
				CLANG_WARN_CONSTANT_CONVERSION = YES;
				CLANG_WARN_DEPRECATED_OBJC_IMPLEMENTATIONS = YES;
				CLANG_WARN_DIRECT_OBJC_ISA_USAGE = YES_ERROR;
				CLANG_WARN_DOCUMENTATION_COMMENTS = YES;
				CLANG_WARN_EMPTY_BODY = YES;
				CLANG_WARN_ENUM_CONVERSION = YES;
				CLANG_WARN_INFINITE_RECURSION = YES;
				CLANG_WARN_INT_CONVERSION = YES;
				CLANG_WARN_NON_LITERAL_NULL_CONVERSION = YES;
				CLANG_WARN_OBJC_IMPLICIT_RETAIN_SELF = YES;
				CLANG_WARN_OBJC_LITERAL_CONVERSION = YES;
				CLANG_WARN_OBJC_ROOT_CLASS = YES_ERROR;
				CLANG_WARN_QUOTED_INCLUDE_IN_FRAMEWORK_HEADER = YES;
				CLANG_WARN_RANGE_LOOP_ANALYSIS = YES;
				CLANG_WARN_STRICT_PROTOTYPES = YES;
				CLANG_WARN_SUSPICIOUS_MOVE = YES;
				CLANG_WARN_UNGUARDED_AVAILABILITY = YES_AGGRESSIVE;
				CLANG_WARN_UNREACHABLE_CODE = YES;
				CLANG_WARN__DUPLICATE_METHOD_MATCH = YES;
				COPY_PHASE_STRIP = NO;
				DEBUG_INFORMATION_FORMAT = "dwarf-with-dsym";
				ENABLE_NS_ASSERTIONS = NO;
				ENABLE_STRICT_OBJC_MSGSEND = YES;
				GCC_C_LANGUAGE_STANDARD = gnu11;
				GCC_NO_COMMON_BLOCKS = YES;
				GCC_WARN_64_TO_32_BIT_CONVERSION = YES;
				GCC_WARN_ABOUT_RETURN_TYPE = YES_ERROR;
				GCC_WARN_UNDECLARED_SELECTOR = YES;
				GCC_WARN_UNINITIALIZED_AUTOS = YES_AGGRESSIVE;
				GCC_WARN_UNUSED_FUNCTION = YES;
				GCC_WARN_UNUSED_VARIABLE = YES;
				IPHONEOS_DEPLOYMENT_TARGET = 14.0;
				MTL_ENABLE_DEBUG_INFO = NO;
				MTL_FAST_MATH = YES;
				SDKROOT = iphoneos;
				SWIFT_COMPILATION_MODE = wholemodule;
				SWIFT_OPTIMIZATION_LEVEL = "-O";
				VALIDATE_PRODUCT = YES;
			};
			name = Release;
		};
		37AFD9BF266F0BE2005316E5 /* Debug */ = {
			isa = XCBuildConfiguration;
			buildSettings = {
				ASSETCATALOG_COMPILER_APPICON_NAME = AppIcon;
				ASSETCATALOG_COMPILER_GLOBAL_ACCENT_COLOR_NAME = AccentColor;
				CODE_SIGN_STYLE = Automatic;
				DEVELOPMENT_TEAM = QY9P4J9GJP;
				INFOPLIST_FILE = JournalIdea/Info.plist;
				LD_RUNPATH_SEARCH_PATHS = (
					"$(inherited)",
					"@executable_path/Frameworks",
				);
				PRODUCT_BUNDLE_IDENTIFIER = "edu.indiana.cs.c323-nemerso.JournalIdea";
				PRODUCT_NAME = "$(TARGET_NAME)";
				SWIFT_VERSION = 5.0;
				TARGETED_DEVICE_FAMILY = "1,2";
			};
			name = Debug;
		};
		37AFD9C0266F0BE2005316E5 /* Release */ = {
			isa = XCBuildConfiguration;
			buildSettings = {
				ASSETCATALOG_COMPILER_APPICON_NAME = AppIcon;
				ASSETCATALOG_COMPILER_GLOBAL_ACCENT_COLOR_NAME = AccentColor;
				CODE_SIGN_STYLE = Automatic;
				DEVELOPMENT_TEAM = QY9P4J9GJP;
				INFOPLIST_FILE = JournalIdea/Info.plist;
				LD_RUNPATH_SEARCH_PATHS = (
					"$(inherited)",
					"@executable_path/Frameworks",
				);
				PRODUCT_BUNDLE_IDENTIFIER = "edu.indiana.cs.c323-nemerso.JournalIdea";
				PRODUCT_NAME = "$(TARGET_NAME)";
				SWIFT_VERSION = 5.0;
				TARGETED_DEVICE_FAMILY = "1,2";
			};
			name = Release;
		};
/* End XCBuildConfiguration section */

/* Begin XCConfigurationList section */
		37AFD9A5266F0BE1005316E5 /* Build configuration list for PBXProject "JournalIdea" */ = {
			isa = XCConfigurationList;
			buildConfigurations = (
				37AFD9BC266F0BE2005316E5 /* Debug */,
				37AFD9BD266F0BE2005316E5 /* Release */,
			);
			defaultConfigurationIsVisible = 0;
			defaultConfigurationName = Release;
		};
		37AFD9BE266F0BE2005316E5 /* Build configuration list for PBXNativeTarget "JournalIdea" */ = {
			isa = XCConfigurationList;
			buildConfigurations = (
				37AFD9BF266F0BE2005316E5 /* Debug */,
				37AFD9C0266F0BE2005316E5 /* Release */,
			);
			defaultConfigurationIsVisible = 0;
			defaultConfigurationName = Release;
		};
/* End XCConfigurationList section */
	};
	rootObject = 37AFD9A2266F0BE1005316E5 /* Project object */;
}
